
Microsoft Visual Studio Solution File, Format Version 12.00
# Visual Studio 15
VisualStudioVersion = 15.0.27512.0
MinimumVisualStudioVersion = 10.0.40219.1
Project("{9A19103F-16F7-4668-BE54-9A1E7A4F7556}") = "ECommerce.Cache.Tests", "ECommerce.Cache.Tests\ECommerce.Cache.Tests.csproj", "{AF4EFE68-F829-41AA-B6AA-08B9D27FB227}"
EndProject
Project("{9A19103F-16F7-4668-BE54-9A1E7A4F7556}") = "ECommerce.Cache.Client", "ECommerce.Cache.Client\ECommerce.Cache.Client.csproj", "{1DA62DC2-B00C-48A3-9451-979BF5D2556F}"
EndProject
Project("{FAE04EC0-301F-11D3-BF4B-00C04F79EFBC}") = "ECommerce.Cache.RemoteServer", "ECommerce.Cache.RemoteServer\ECommerce.Cache.RemoteServer.csproj", "{09A252D0-A5CB-47F2-8D3E-76A7729A4A8E}"
EndProject
Global
	GlobalSection(SolutionConfigurationPlatforms) = preSolution
		Debug|Any CPU = Debug|Any CPU
		Release|Any CPU = Release|Any CPU
	EndGlobalSection
	GlobalSection(ProjectConfigurationPlatforms) = postSolution
		{AF4EFE68-F829-41AA-B6AA-08B9D27FB227}.Debug|Any CPU.ActiveCfg = Debug|Any CPU
		{AF4EFE68-F829-41AA-B6AA-08B9D27FB227}.Debug|Any CPU.Build.0 = Debug|Any CPU
		{AF4EFE68-F829-41AA-B6AA-08B9D27FB227}.Release|Any CPU.ActiveCfg = Release|Any CPU
		{AF4EFE68-F829-41AA-B6AA-08B9D27FB227}.Release|Any CPU.Build.0 = Release|Any CPU
		{1DA62DC2-B00C-48A3-9451-979BF5D2556F}.Debug|Any CPU.ActiveCfg = Debug|Any CPU
		{1DA62DC2-B00C-48A3-9451-979BF5D2556F}.Debug|Any CPU.Build.0 = Debug|Any CPU
		{1DA62DC2-B00C-48A3-9451-979BF5D2556F}.Release|Any CPU.ActiveCfg = Release|Any CPU
		{1DA62DC2-B00C-48A3-9451-979BF5D2556F}.Release|Any CPU.Build.0 = Release|Any CPU
		{09A252D0-A5CB-47F2-8D3E-76A7729A4A8E}.Debug|Any CPU.ActiveCfg = Debug|Any CPU
		{09A252D0-A5CB-47F2-8D3E-76A7729A4A8E}.Debug|Any CPU.Build.0 = Debug|Any CPU
		{09A252D0-A5CB-47F2-8D3E-76A7729A4A8E}.Release|Any CPU.ActiveCfg = Release|Any CPU
		{09A252D0-A5CB-47F2-8D3E-76A7729A4A8E}.Release|Any CPU.Build.0 = Release|Any CPU
	EndGlobalSection
	GlobalSection(SolutionProperties) = preSolution
		HideSolutionNode = FALSE
	EndGlobalSection
	GlobalSection(ExtensibilityGlobals) = postSolution
		SolutionGuid = {68104FDF-B45A-4C28-8F92-E129800EF3D0}
	EndGlobalSection
EndGlobal
