
Microsoft Visual Studio Solution File, Format Version 12.00
# Visual Studio 15
VisualStudioVersion = 15.0.27128.1
MinimumVisualStudioVersion = 10.0.40219.1
Project("{9A19103F-16F7-4668-BE54-9A1E7A4F7556}") = "Hopex.Cache.Client", "Hopex.Cache.Client\Hopex.Cache.Client.csproj", "{DDF63C3F-934A-4FC3-9271-0CDCB851DE08}"
EndProject
Project("{2150E333-8FDC-42A3-9474-1A3956D46DE8}") = "src", "src", "{97C6A2A7-943B-46EA-8305-548F41DDD76D}"
EndProject
Project("{2150E333-8FDC-42A3-9474-1A3956D46DE8}") = "test", "test", "{42807DA7-2B0C-4766-8A35-AEF9D0452456}"
EndProject
Project("{9A19103F-16F7-4668-BE54-9A1E7A4F7556}") = "Hopex.Cache.UnitTests", "Hopex.Cache.UnitTests\Hopex.Cache.UnitTests.csproj", "{8E21BD19-E634-49B9-A75F-D6BA4F23768F}"
EndProject
Project("{2150E333-8FDC-42A3-9474-1A3956D46DE8}") = "Solution Items", "Solution Items", "{3A36B693-861E-48F1-A68F-2CC252C5B2E0}"
	ProjectSection(SolutionItems) = preProject
		README.md = README.md
	EndProjectSection
EndProject
Project("{2150E333-8FDC-42A3-9474-1A3956D46DE8}") = "SonarQube", "SonarQube", "{34610746-EBF6-4A34-BF75-AEEEB89BB81A}"
	ProjectSection(SolutionItems) = preProject
		SonarQube\HopexCacheCSharp.ruleset = SonarQube\HopexCacheCSharp.ruleset
		SonarQube\SolutionBinding.sqconfig = SonarQube\SolutionBinding.sqconfig
	EndProjectSection
EndProject
Global
	GlobalSection(SolutionConfigurationPlatforms) = preSolution
		Debug|Any CPU = Debug|Any CPU
		Debug|x64 = Debug|x64
		Release|Any CPU = Release|Any CPU
		Release|x64 = Release|x64
	EndGlobalSection
	GlobalSection(ProjectConfigurationPlatforms) = postSolution
		{DDF63C3F-934A-4FC3-9271-0CDCB851DE08}.Debug|Any CPU.ActiveCfg = Debug|Any CPU
		{DDF63C3F-934A-4FC3-9271-0CDCB851DE08}.Debug|Any CPU.Build.0 = Debug|Any CPU
		{DDF63C3F-934A-4FC3-9271-0CDCB851DE08}.Debug|x64.ActiveCfg = Debug|x64
		{DDF63C3F-934A-4FC3-9271-0CDCB851DE08}.Debug|x64.Build.0 = Debug|x64
		{DDF63C3F-934A-4FC3-9271-0CDCB851DE08}.Release|Any CPU.ActiveCfg = Release|Any CPU
		{DDF63C3F-934A-4FC3-9271-0CDCB851DE08}.Release|Any CPU.Build.0 = Release|Any CPU
		{DDF63C3F-934A-4FC3-9271-0CDCB851DE08}.Release|x64.ActiveCfg = Release|x64
		{DDF63C3F-934A-4FC3-9271-0CDCB851DE08}.Release|x64.Build.0 = Release|x64
		{8E21BD19-E634-49B9-A75F-D6BA4F23768F}.Debug|Any CPU.ActiveCfg = Debug|Any CPU
		{8E21BD19-E634-49B9-A75F-D6BA4F23768F}.Debug|Any CPU.Build.0 = Debug|Any CPU
		{8E21BD19-E634-49B9-A75F-D6BA4F23768F}.Debug|x64.ActiveCfg = Debug|Any CPU
		{8E21BD19-E634-49B9-A75F-D6BA4F23768F}.Debug|x64.Build.0 = Debug|Any CPU
		{8E21BD19-E634-49B9-A75F-D6BA4F23768F}.Release|Any CPU.ActiveCfg = Release|Any CPU
		{8E21BD19-E634-49B9-A75F-D6BA4F23768F}.Release|Any CPU.Build.0 = Release|Any CPU
		{8E21BD19-E634-49B9-A75F-D6BA4F23768F}.Release|x64.ActiveCfg = Release|Any CPU
		{8E21BD19-E634-49B9-A75F-D6BA4F23768F}.Release|x64.Build.0 = Release|Any CPU
	EndGlobalSection
	GlobalSection(SolutionProperties) = preSolution
		HideSolutionNode = FALSE
	EndGlobalSection
	GlobalSection(NestedProjects) = preSolution
		{DDF63C3F-934A-4FC3-9271-0CDCB851DE08} = {97C6A2A7-943B-46EA-8305-548F41DDD76D}
		{8E21BD19-E634-49B9-A75F-D6BA4F23768F} = {42807DA7-2B0C-4766-8A35-AEF9D0452456}
	EndGlobalSection
	GlobalSection(ExtensibilityGlobals) = postSolution
		SolutionGuid = {F5972673-6BBB-423A-B26D-51EDDF24533E}
	EndGlobalSection
EndGlobal
